
Microsoft Visual Studio Solution File, Format Version 12.00
# Visual Studio Version 16
VisualStudioVersion = 16.0.31727.386
MinimumVisualStudioVersion = 10.0.40219.1
Project("{9A19103F-16F7-4668-BE54-9A1E7A4F7556}") = "VariantA", "VariantA\VariantA.csproj", "{2B104F65-E591-434B-AE05-BC86A4FEC840}"
EndProject
Project("{FAE04EC0-301F-11D3-BF4B-00C04F79EFBC}") = "VariantB", "VariantB\VariantB.csproj", "{813E79E0-320D-4248-A57B-9BC29E369E23}"
EndProject
Global
	GlobalSection(SolutionConfigurationPlatforms) = preSolution
		Debug|Any CPU = Debug|Any CPU
		Release|Any CPU = Release|Any CPU
	EndGlobalSection
	GlobalSection(ProjectConfigurationPlatforms) = postSolution
		{2B104F65-E591-434B-AE05-BC86A4FEC840}.Debug|Any CPU.ActiveCfg = Debug|Any CPU
		{2B104F65-E591-434B-AE05-BC86A4FEC840}.Debug|Any CPU.Build.0 = Debug|Any CPU
		{2B104F65-E591-434B-AE05-BC86A4FEC840}.Release|Any CPU.ActiveCfg = Release|Any CPU
		{2B104F65-E591-434B-AE05-BC86A4FEC840}.Release|Any CPU.Build.0 = Release|Any CPU
		{813E79E0-320D-4248-A57B-9BC29E369E23}.Debug|Any CPU.ActiveCfg = Debug|Any CPU
		{813E79E0-320D-4248-A57B-9BC29E369E23}.Debug|Any CPU.Build.0 = Debug|Any CPU
		{813E79E0-320D-4248-A57B-9BC29E369E23}.Release|Any CPU.ActiveCfg = Release|Any CPU
		{813E79E0-320D-4248-A57B-9BC29E369E23}.Release|Any CPU.Build.0 = Release|Any CPU
	EndGlobalSection
	GlobalSection(SolutionProperties) = preSolution
		HideSolutionNode = FALSE
	EndGlobalSection
	GlobalSection(ExtensibilityGlobals) = postSolution
		SolutionGuid = {0C9DE06A-21EE-4B8D-97EA-1F05BA85D101}
	EndGlobalSection
EndGlobal
